
Microsoft Visual Studio Solution File, Format Version 12.00
# Visual Studio Version 16
VisualStudioVersion = 16.0.29926.136
MinimumVisualStudioVersion = 10.0.40219.1
Project("{FAE04EC0-301F-11D3-BF4B-00C04F79EFBC}") = "Projeto-teste", "Projeto-teste\Projeto-teste.csproj", "{2F78A7E0-7D62-4BDF-B560-95AF349B1340}"
EndProject
Global
	GlobalSection(SolutionConfigurationPlatforms) = preSolution
		Debug|Any CPU = Debug|Any CPU
		Release|Any CPU = Release|Any CPU
	EndGlobalSection
	GlobalSection(ProjectConfigurationPlatforms) = postSolution
		{2F78A7E0-7D62-4BDF-B560-95AF349B1340}.Debug|Any CPU.ActiveCfg = Debug|Any CPU
		{2F78A7E0-7D62-4BDF-B560-95AF349B1340}.Debug|Any CPU.Build.0 = Debug|Any CPU
		{2F78A7E0-7D62-4BDF-B560-95AF349B1340}.Release|Any CPU.ActiveCfg = Release|Any CPU
		{2F78A7E0-7D62-4BDF-B560-95AF349B1340}.Release|Any CPU.Build.0 = Release|Any CPU
	EndGlobalSection
	GlobalSection(SolutionProperties) = preSolution
		HideSolutionNode = FALSE
	EndGlobalSection
	GlobalSection(ExtensibilityGlobals) = postSolution
		SolutionGuid = {FC19E26C-1E97-4939-9FE4-DDA14FD817CF}
	EndGlobalSection
EndGlobal
